// !$*UTF8*$!
{
	archiveVersion = 1;
	classes = {
	};
	objectVersion = 46;
	objects = {

/* Begin PBXBuildFile section */
		19BFF3711C171293006D7633 /* main.m in Sources */ = {isa = PBXBuildFile; fileRef = 19BFF3701C171293006D7633 /* main.m */; };
		19BFF37A1C171293006D7633 /* Main.storyboard in Resources */ = {isa = PBXBuildFile; fileRef = 19BFF3781C171293006D7633 /* Main.storyboard */; };
		19BFF37C1C171293006D7633 /* Assets.xcassets in Resources */ = {isa = PBXBuildFile; fileRef = 19BFF37B1C171293006D7633 /* Assets.xcassets */; };
		19BFF37F1C171293006D7633 /* LaunchScreen.storyboard in Resources */ = {isa = PBXBuildFile; fileRef = 19BFF37D1C171293006D7633 /* LaunchScreen.storyboard */; };
		19BFF38B1C1712BB006D7633 /* AppDelegate.m in Sources */ = {isa = PBXBuildFile; fileRef = 19BFF3881C1712BB006D7633 /* AppDelegate.m */; };
		19BFF38C1C1712BB006D7633 /* HomeViewController.m in Sources */ = {isa = PBXBuildFile; fileRef = 19BFF38A1C1712BB006D7633 /* HomeViewController.m */; };
		19BFF38F1C172726006D7633 /* DetailViewController.m in Sources */ = {isa = PBXBuildFile; fileRef = 19BFF38E1C172726006D7633 /* DetailViewController.m */; };
/* End PBXBuildFile section */

/* Begin PBXFileReference section */
		19BFF36C1C171293006D7633 /* OMDbDemo.app */ = {isa = PBXFileReference; explicitFileType = wrapper.application; includeInIndex = 0; path = OMDbDemo.app; sourceTree = BUILT_PRODUCTS_DIR; };
		19BFF3701C171293006D7633 /* main.m */ = {isa = PBXFileReference; lastKnownFileType = sourcecode.c.objc; path = main.m; sourceTree = "<group>"; };
		19BFF3791C171293006D7633 /* Base */ = {isa = PBXFileReference; lastKnownFileType = file.storyboard; name = Base; path = Base.lproj/Main.storyboard; sourceTree = "<group>"; };
		19BFF37B1C171293006D7633 /* Assets.xcassets */ = {isa = PBXFileReference; lastKnownFileType = folder.assetcatalog; path = Assets.xcassets; sourceTree = "<group>"; };
		19BFF37E1C171293006D7633 /* Base */ = {isa = PBXFileReference; lastKnownFileType = file.storyboard; name = Base; path = Base.lproj/LaunchScreen.storyboard; sourceTree = "<group>"; };
		19BFF3801C171293006D7633 /* Info.plist */ = {isa = PBXFileReference; lastKnownFileType = text.plist.xml; path = Info.plist; sourceTree = "<group>"; };
		19BFF3871C1712BB006D7633 /* AppDelegate.h */ = {isa = PBXFileReference; fileEncoding = 4; lastKnownFileType = sourcecode.c.h; path = AppDelegate.h; sourceTree = "<group>"; };
		19BFF3881C1712BB006D7633 /* AppDelegate.m */ = {isa = PBXFileReference; fileEncoding = 4; lastKnownFileType = sourcecode.c.objc; path = AppDelegate.m; sourceTree = "<group>"; };
		19BFF3891C1712BB006D7633 /* HomeViewController.h */ = {isa = PBXFileReference; fileEncoding = 4; lastKnownFileType = sourcecode.c.h; path = HomeViewController.h; sourceTree = "<group>"; };
		19BFF38A1C1712BB006D7633 /* HomeViewController.m */ = {isa = PBXFileReference; fileEncoding = 4; lastKnownFileType = sourcecode.c.objc; path = HomeViewController.m; sourceTree = "<group>"; };
		19BFF38D1C172726006D7633 /* DetailViewController.h */ = {isa = PBXFileReference; fileEncoding = 4; lastKnownFileType = sourcecode.c.h; path = DetailViewController.h; sourceTree = "<group>"; };
		19BFF38E1C172726006D7633 /* DetailViewController.m */ = {isa = PBXFileReference; fileEncoding = 4; lastKnownFileType = sourcecode.c.objc; path = DetailViewController.m; sourceTree = "<group>"; };
/* End PBXFileReference section */

/* Begin PBXFrameworksBuildPhase section */
		19BFF3691C171293006D7633 /* Frameworks */ = {
			isa = PBXFrameworksBuildPhase;
			buildActionMask = 2147483647;
			files = (
			);
			runOnlyForDeploymentPostprocessing = 0;
		};
/* End PBXFrameworksBuildPhase section */

/* Begin PBXGroup section */
		19BFF3631C171293006D7633 = {
			isa = PBXGroup;
			children = (
				19BFF36E1C171293006D7633 /* OMDbDemo */,
				19BFF36D1C171293006D7633 /* Products */,
			);
			sourceTree = "<group>";
		};
		19BFF36D1C171293006D7633 /* Products */ = {
			isa = PBXGroup;
			children = (
				19BFF36C1C171293006D7633 /* OMDbDemo.app */,
			);
			name = Products;
			sourceTree = "<group>";
		};
		19BFF36E1C171293006D7633 /* OMDbDemo */ = {
			isa = PBXGroup;
			children = (
				19BFF3861C1712BB006D7633 /* ViewController */,
				19BFF3781C171293006D7633 /* Main.storyboard */,
				19BFF37B1C171293006D7633 /* Assets.xcassets */,
				19BFF37D1C171293006D7633 /* LaunchScreen.storyboard */,
				19BFF3801C171293006D7633 /* Info.plist */,
				19BFF36F1C171293006D7633 /* Supporting Files */,
			);
			path = OMDbDemo;
			sourceTree = "<group>";
		};
		19BFF36F1C171293006D7633 /* Supporting Files */ = {
			isa = PBXGroup;
			children = (
				19BFF3701C171293006D7633 /* main.m */,
			);
			name = "Supporting Files";
			sourceTree = "<group>";
		};
		19BFF3861C1712BB006D7633 /* ViewController */ = {
			isa = PBXGroup;
			children = (
				19BFF3871C1712BB006D7633 /* AppDelegate.h */,
				19BFF3881C1712BB006D7633 /* AppDelegate.m */,
				19BFF3891C1712BB006D7633 /* HomeViewController.h */,
				19BFF38A1C1712BB006D7633 /* HomeViewController.m */,
				19BFF38D1C172726006D7633 /* DetailViewController.h */,
				19BFF38E1C172726006D7633 /* DetailViewController.m */,
			);
			path = ViewController;
			sourceTree = "<group>";
		};
/* End PBXGroup section */

/* Begin PBXNativeTarget section */
		19BFF36B1C171293006D7633 /* OMDbDemo */ = {
			isa = PBXNativeTarget;
			buildConfigurationList = 19BFF3831C171293006D7633 /* Build configuration list for PBXNativeTarget "OMDbDemo" */;
			buildPhases = (
				19BFF3681C171293006D7633 /* Sources */,
				19BFF3691C171293006D7633 /* Frameworks */,
				19BFF36A1C171293006D7633 /* Resources */,
			);
			buildRules = (
			);
			dependencies = (
			);
			name = OMDbDemo;
			productName = OMDbDemo;
			productReference = 19BFF36C1C171293006D7633 /* OMDbDemo.app */;
			productType = "com.apple.product-type.application";
		};
/* End PBXNativeTarget section */

/* Begin PBXProject section */
		19BFF3641C171293006D7633 /* Project object */ = {
			isa = PBXProject;
			attributes = {
				LastUpgradeCheck = 0710;
				ORGANIZATIONNAME = TomarTech;
				TargetAttributes = {
					19BFF36B1C171293006D7633 = {
						CreatedOnToolsVersion = 7.1.1;
					};
				};
			};
			buildConfigurationList = 19BFF3671C171293006D7633 /* Build configuration list for PBXProject "OMDbDemo" */;
			compatibilityVersion = "Xcode 3.2";
			developmentRegion = English;
			hasScannedForEncodings = 0;
			knownRegions = (
				en,
				Base,
			);
			mainGroup = 19BFF3631C171293006D7633;
			productRefGroup = 19BFF36D1C171293006D7633 /* Products */;
			projectDirPath = "";
			projectRoot = "";
			targets = (
				19BFF36B1C171293006D7633 /* OMDbDemo */,
			);
		};
/* End PBXProject section */

/* Begin PBXResourcesBuildPhase section */
		19BFF36A1C171293006D7633 /* Resources */ = {
			isa = PBXResourcesBuildPhase;
			buildActionMask = 2147483647;
			files = (
				19BFF37F1C171293006D7633 /* LaunchScreen.storyboard in Resources */,
				19BFF37C1C171293006D7633 /* Assets.xcassets in Resources */,
				19BFF37A1C171293006D7633 /* Main.storyboard in Resources */,
			);
			runOnlyForDeploymentPostprocessing = 0;
		};
/* End PBXResourcesBuildPhase section */

/* Begin PBXSourcesBuildPhase section */
		19BFF3681C171293006D7633 /* Sources */ = {
			isa = PBXSourcesBuildPhase;
			buildActionMask = 2147483647;
			files = (
				19BFF38B1C1712BB006D7633 /* AppDelegate.m in Sources */,
				19BFF3711C171293006D7633 /* main.m in Sources */,
				19BFF38C1C1712BB006D7633 /* HomeViewController.m in Sources */,
				19BFF38F1C172726006D7633 /* DetailViewController.m in Sources */,
			);
			runOnlyForDeploymentPostprocessing = 0;
		};
/* End PBXSourcesBuildPhase section */

/* Begin PBXVariantGroup section */
		19BFF3781C171293006D7633 /* Main.storyboard */ = {
			isa = PBXVariantGroup;
			children = (
				19BFF3791C171293006D7633 /* Base */,
			);
			name = Main.storyboard;
			sourceTree = "<group>";
		};
		19BFF37D1C171293006D7633 /* LaunchScreen.storyboard */ = {
			isa = PBXVariantGroup;
			children = (
				19BFF37E1C171293006D7633 /* Base */,
			);
			name = LaunchScreen.storyboard;
			sourceTree = "<group>";
		};
/* End PBXVariantGroup section */

/* Begin XCBuildConfiguration section */
		19BFF3811C171293006D7633 /* Debug */ = {
			isa = XCBuildConfiguration;
			buildSettings = {
				ALWAYS_SEARCH_USER_PATHS = NO;
				CLANG_CXX_LANGUAGE_STANDARD = "gnu++0x";
				CLANG_CXX_LIBRARY = "libc++";
				CLANG_ENABLE_MODULES = YES;
				CLANG_ENABLE_OBJC_ARC = YES;
				CLANG_WARN_BOOL_CONVERSION = YES;
				CLANG_WARN_CONSTANT_CONVERSION = YES;
				CLANG_WARN_DIRECT_OBJC_ISA_USAGE = YES_ERROR;
				CLANG_WARN_EMPTY_BODY = YES;
				CLANG_WARN_ENUM_CONVERSION = YES;
				CLANG_WARN_INT_CONVERSION = YES;
				CLANG_WARN_OBJC_ROOT_CLASS = YES_ERROR;
				CLANG_WARN_UNREACHABLE_CODE = YES;
				CLANG_WARN__DUPLICATE_METHOD_MATCH = YES;
				"CODE_SIGN_IDENTITY[sdk=iphoneos*]" = "iPhone Developer";
				COPY_PHASE_STRIP = NO;
				DEBUG_INFORMATION_FORMAT = dwarf;
				ENABLE_STRICT_OBJC_MSGSEND = YES;
				ENABLE_TESTABILITY = YES;
				GCC_C_LANGUAGE_STANDARD = gnu99;
				GCC_DYNAMIC_NO_PIC = NO;
				GCC_NO_COMMON_BLOCKS = YES;
				GCC_OPTIMIZATION_LEVEL = 0;
				GCC_PREPROCESSOR_DEFINITIONS = (
					"DEBUG=1",
					"$(inherited)",
				);
				GCC_WARN_64_TO_32_BIT_CONVERSION = YES;
				GCC_WARN_ABOUT_RETURN_TYPE = YES_ERROR;
				GCC_WARN_UNDECLARED_SELECTOR = YES;
				GCC_WARN_UNINITIALIZED_AUTOS = YES_AGGRESSIVE;
				GCC_WARN_UNUSED_FUNCTION = YES;
				GCC_WARN_UNUSED_VARIABLE = YES;
				IPHONEOS_DEPLOYMENT_TARGET = 9.1;
				MTL_ENABLE_DEBUG_INFO = YES;
				ONLY_ACTIVE_ARCH = YES;
				SDKROOT = iphoneos;
			};
			name = Debug;
		};
		19BFF3821C171293006D7633 /* Release */ = {
			isa = XCBuildConfiguration;
			buildSettings = {
				ALWAYS_SEARCH_USER_PATHS = NO;
				CLANG_CXX_LANGUAGE_STANDARD = "gnu++0x";
				CLANG_CXX_LIBRARY = "libc++";
				CLANG_ENABLE_MODULES = YES;
				CLANG_ENABLE_OBJC_ARC = YES;
				CLANG_WARN_BOOL_CONVERSION = YES;
				CLANG_WARN_CONSTANT_CONVERSION = YES;
				CLANG_WARN_DIRECT_OBJC_ISA_USAGE = YES_ERROR;
				CLANG_WARN_EMPTY_BODY = YES;
				CLANG_WARN_ENUM_CONVERSION = YES;
				CLANG_WARN_INT_CONVERSION = YES;
				CLANG_WARN_OBJC_ROOT_CLASS = YES_ERROR;
				CLANG_WARN_UNREACHABLE_CODE = YES;
				CLANG_WARN__DUPLICATE_METHOD_MATCH = YES;
				"CODE_SIGN_IDENTITY[sdk=iphoneos*]" = "iPhone Developer";
				COPY_PHASE_STRIP = NO;
				DEBUG_INFORMATION_FORMAT = "dwarf-with-dsym";
				ENABLE_NS_ASSERTIONS = NO;
				ENABLE_STRICT_OBJC_MSGSEND = YES;
				GCC_C_LANGUAGE_STANDARD = gnu99;
				GCC_NO_COMMON_BLOCKS = YES;
				GCC_WARN_64_TO_32_BIT_CONVERSION = YES;
				GCC_WARN_ABOUT_RETURN_TYPE = YES_ERROR;
				GCC_WARN_UNDECLARED_SELECTOR = YES;
				GCC_WARN_UNINITIALIZED_AUTOS = YES_AGGRESSIVE;
				GCC_WARN_UNUSED_FUNCTION = YES;
				GCC_WARN_UNUSED_VARIABLE = YES;
				IPHONEOS_DEPLOYMENT_TARGET = 9.1;
				MTL_ENABLE_DEBUG_INFO = NO;
				SDKROOT = iphoneos;
				VALIDATE_PRODUCT = YES;
			};
			name = Release;
		};
		19BFF3841C171293006D7633 /* Debug */ = {
			isa = XCBuildConfiguration;
			buildSettings = {
				ASSETCATALOG_COMPILER_APPICON_NAME = AppIcon;
				INFOPLIST_FILE = OMDbDemo/Info.plist;
				IPHONEOS_DEPLOYMENT_TARGET = 7.0;
				LD_RUNPATH_SEARCH_PATHS = "$(inherited) @executable_path/Frameworks";
				PRODUCT_BUNDLE_IDENTIFIER = com.tomar.OMDbDemo;
				PRODUCT_NAME = "$(TARGET_NAME)";
			};
			name = Debug;
		};
		19BFF3851C171293006D7633 /* Release */ = {
			isa = XCBuildConfiguration;
			buildSettings = {
				ASSETCATALOG_COMPILER_APPICON_NAME = AppIcon;
				INFOPLIST_FILE = OMDbDemo/Info.plist;
				IPHONEOS_DEPLOYMENT_TARGET = 7.0;
				LD_RUNPATH_SEARCH_PATHS = "$(inherited) @executable_path/Frameworks";
				PRODUCT_BUNDLE_IDENTIFIER = com.tomar.OMDbDemo;
				PRODUCT_NAME = "$(TARGET_NAME)";
			};
			name = Release;
		};
/* End XCBuildConfiguration section */

/* Begin XCConfigurationList section */
		19BFF3671C171293006D7633 /* Build configuration list for PBXProject "OMDbDemo" */ = {
			isa = XCConfigurationList;
			buildConfigurations = (
				19BFF3811C171293006D7633 /* Debug */,
				19BFF3821C171293006D7633 /* Release */,
			);
			defaultConfigurationIsVisible = 0;
			defaultConfigurationName = Release;
		};
		19BFF3831C171293006D7633 /* Build configuration list for PBXNativeTarget "OMDbDemo" */ = {
			isa = XCConfigurationList;
			buildConfigurations = (
				19BFF3841C171293006D7633 /* Debug */,
				19BFF3851C171293006D7633 /* Release */,
			);
			defaultConfigurationIsVisible = 0;
		};
/* End XCConfigurationList section */
	};
	rootObject = 19BFF3641C171293006D7633 /* Project object */;
}
